// !$*UTF8*$!
{
	archiveVersion = 1;
	classes = {
	};
	objectVersion = 50;
	objects = {

/* Begin PBXBuildFile section */
		42029A9E2111F14800B07031 /* AppDelegate.swift in Sources */ = {isa = PBXBuildFile; fileRef = 42029A9D2111F14800B07031 /* AppDelegate.swift */; };
		42029AA02111F14800B07031 /* ViewController.swift in Sources */ = {isa = PBXBuildFile; fileRef = 42029A9F2111F14800B07031 /* ViewController.swift */; };
		42029AA32111F14800B07031 /* Main.storyboard in Resources */ = {isa = PBXBuildFile; fileRef = 42029AA12111F14800B07031 /* Main.storyboard */; };
		42029AA52111F14C00B07031 /* Assets.xcassets in Resources */ = {isa = PBXBuildFile; fileRef = 42029AA42111F14C00B07031 /* Assets.xcassets */; };
		42029AA82111F14C00B07031 /* LaunchScreen.storyboard in Resources */ = {isa = PBXBuildFile; fileRef = 42029AA62111F14C00B07031 /* LaunchScreen.storyboard */; };
		42687AD42111F5E100FA5DC3 /* AlertConfirmationViewController.xib in Resources */ = {isa = PBXBuildFile; fileRef = 42687AD22111F5E100FA5DC3 /* AlertConfirmationViewController.xib */; };
		42687AD52111F5E100FA5DC3 /* AlertConfirmationViewController.swift in Sources */ = {isa = PBXBuildFile; fileRef = 42687AD32111F5E100FA5DC3 /* AlertConfirmationViewController.swift */; };
		42687AD82111F67800FA5DC3 /* accept-square-128.png in Resources */ = {isa = PBXBuildFile; fileRef = 42687AD62111F67700FA5DC3 /* accept-square-128.png */; };
		42687AD92111F67800FA5DC3 /* cancel-square-128.png in Resources */ = {isa = PBXBuildFile; fileRef = 42687AD72111F67700FA5DC3 /* cancel-square-128.png */; };
		42687ADB2111F6D900FA5DC3 /* UIView_Borders.swift in Sources */ = {isa = PBXBuildFile; fileRef = 42687ADA2111F6D900FA5DC3 /* UIView_Borders.swift */; };
/* End PBXBuildFile section */

/* Begin PBXFileReference section */
		42029A9A2111F14800B07031 /* AlertConfirmationDemo.app */ = {isa = PBXFileReference; explicitFileType = wrapper.application; includeInIndex = 0; path = AlertConfirmationDemo.app; sourceTree = BUILT_PRODUCTS_DIR; };
		42029A9D2111F14800B07031 /* AppDelegate.swift */ = {isa = PBXFileReference; lastKnownFileType = sourcecode.swift; path = AppDelegate.swift; sourceTree = "<group>"; };
		42029A9F2111F14800B07031 /* ViewController.swift */ = {isa = PBXFileReference; lastKnownFileType = sourcecode.swift; path = ViewController.swift; sourceTree = "<group>"; };
		42029AA22111F14800B07031 /* Base */ = {isa = PBXFileReference; lastKnownFileType = file.storyboard; name = Base; path = Base.lproj/Main.storyboard; sourceTree = "<group>"; };
		42029AA42111F14C00B07031 /* Assets.xcassets */ = {isa = PBXFileReference; lastKnownFileType = folder.assetcatalog; path = Assets.xcassets; sourceTree = "<group>"; };
		42029AA72111F14C00B07031 /* Base */ = {isa = PBXFileReference; lastKnownFileType = file.storyboard; name = Base; path = Base.lproj/LaunchScreen.storyboard; sourceTree = "<group>"; };
		42029AA92111F14C00B07031 /* Info.plist */ = {isa = PBXFileReference; lastKnownFileType = text.plist.xml; path = Info.plist; sourceTree = "<group>"; };
		42687AD22111F5E100FA5DC3 /* AlertConfirmationViewController.xib */ = {isa = PBXFileReference; fileEncoding = 4; lastKnownFileType = file.xib; path = AlertConfirmationViewController.xib; sourceTree = "<group>"; };
		42687AD32111F5E100FA5DC3 /* AlertConfirmationViewController.swift */ = {isa = PBXFileReference; fileEncoding = 4; lastKnownFileType = sourcecode.swift; path = AlertConfirmationViewController.swift; sourceTree = "<group>"; };
		42687AD62111F67700FA5DC3 /* accept-square-128.png */ = {isa = PBXFileReference; lastKnownFileType = image.png; path = "accept-square-128.png"; sourceTree = "<group>"; };
		42687AD72111F67700FA5DC3 /* cancel-square-128.png */ = {isa = PBXFileReference; lastKnownFileType = image.png; path = "cancel-square-128.png"; sourceTree = "<group>"; };
		42687ADA2111F6D900FA5DC3 /* UIView_Borders.swift */ = {isa = PBXFileReference; fileEncoding = 4; lastKnownFileType = sourcecode.swift; path = UIView_Borders.swift; sourceTree = "<group>"; };
/* End PBXFileReference section */

/* Begin PBXFrameworksBuildPhase section */
		42029A972111F14800B07031 /* Frameworks */ = {
			isa = PBXFrameworksBuildPhase;
			buildActionMask = 2147483647;
			files = (
			);
			runOnlyForDeploymentPostprocessing = 0;
		};
/* End PBXFrameworksBuildPhase section */

/* Begin PBXGroup section */
		42029A912111F14800B07031 = {
			isa = PBXGroup;
			children = (
				42029A9C2111F14800B07031 /* AlertConfirmationDemo */,
				42029A9B2111F14800B07031 /* Products */,
			);
			sourceTree = "<group>";
		};
		42029A9B2111F14800B07031 /* Products */ = {
			isa = PBXGroup;
			children = (
				42029A9A2111F14800B07031 /* AlertConfirmationDemo.app */,
			);
			name = Products;
			sourceTree = "<group>";
		};
		42029A9C2111F14800B07031 /* AlertConfirmationDemo */ = {
			isa = PBXGroup;
			children = (
				42029AB02111F22200B07031 /* AlertConfirmationViewController */,
				42029AAF2111F17800B07031 /* View */,
				42029A9D2111F14800B07031 /* AppDelegate.swift */,
				42029A9F2111F14800B07031 /* ViewController.swift */,
				42029AA12111F14800B07031 /* Main.storyboard */,
				42029AA42111F14C00B07031 /* Assets.xcassets */,
				42029AA62111F14C00B07031 /* LaunchScreen.storyboard */,
				42029AA92111F14C00B07031 /* Info.plist */,
			);
			path = AlertConfirmationDemo;
			sourceTree = "<group>";
		};
		42029AAF2111F17800B07031 /* View */ = {
			isa = PBXGroup;
			children = (
			);
			path = View;
			sourceTree = "<group>";
		};
		42029AB02111F22200B07031 /* AlertConfirmationViewController */ = {
			isa = PBXGroup;
			children = (
				42687AD32111F5E100FA5DC3 /* AlertConfirmationViewController.swift */,
				42687AD22111F5E100FA5DC3 /* AlertConfirmationViewController.xib */,
				42687ADA2111F6D900FA5DC3 /* UIView_Borders.swift */,
				42687AD62111F67700FA5DC3 /* accept-square-128.png */,
				42687AD72111F67700FA5DC3 /* cancel-square-128.png */,
			);
			path = AlertConfirmationViewController;
			sourceTree = "<group>";
		};
/* End PBXGroup section */

/* Begin PBXNativeTarget section */
		42029A992111F14800B07031 /* AlertConfirmationDemo */ = {
			isa = PBXNativeTarget;
			buildConfigurationList = 42029AAC2111F14C00B07031 /* Build configuration list for PBXNativeTarget "AlertConfirmationDemo" */;
			buildPhases = (
				42029A962111F14800B07031 /* Sources */,
				42029A972111F14800B07031 /* Frameworks */,
				42029A982111F14800B07031 /* Resources */,
			);
			buildRules = (
			);
			dependencies = (
			);
			name = AlertConfirmationDemo;
			productName = AlertConfirmationDemo;
			productReference = 42029A9A2111F14800B07031 /* AlertConfirmationDemo.app */;
			productType = "com.apple.product-type.application";
		};
/* End PBXNativeTarget section */

/* Begin PBXProject section */
		42029A922111F14800B07031 /* Project object */ = {
			isa = PBXProject;
			attributes = {
				LastSwiftUpdateCheck = 0940;
				LastUpgradeCheck = 0940;
				ORGANIZATIONNAME = "Luke Smith";
				TargetAttributes = {
					42029A992111F14800B07031 = {
						CreatedOnToolsVersion = 9.4.1;
					};
				};
			};
			buildConfigurationList = 42029A952111F14800B07031 /* Build configuration list for PBXProject "AlertConfirmationDemo" */;
			compatibilityVersion = "Xcode 9.3";
			developmentRegion = en;
			hasScannedForEncodings = 0;
			knownRegions = (
				en,
				Base,
			);
			mainGroup = 42029A912111F14800B07031;
			productRefGroup = 42029A9B2111F14800B07031 /* Products */;
			projectDirPath = "";
			projectRoot = "";
			targets = (
				42029A992111F14800B07031 /* AlertConfirmationDemo */,
			);
		};
/* End PBXProject section */

/* Begin PBXResourcesBuildPhase section */
		42029A982111F14800B07031 /* Resources */ = {
			isa = PBXResourcesBuildPhase;
			buildActionMask = 2147483647;
			files = (
				42687AD92111F67800FA5DC3 /* cancel-square-128.png in Resources */,
				42687AD82111F67800FA5DC3 /* accept-square-128.png in Resources */,
				42687AD42111F5E100FA5DC3 /* AlertConfirmationViewController.xib in Resources */,
				42029AA82111F14C00B07031 /* LaunchScreen.storyboard in Resources */,
				42029AA52111F14C00B07031 /* Assets.xcassets in Resources */,
				42029AA32111F14800B07031 /* Main.storyboard in Resources */,
			);
			runOnlyForDeploymentPostprocessing = 0;
		};
/* End PBXResourcesBuildPhase section */

/* Begin PBXSourcesBuildPhase section */
		42029A962111F14800B07031 /* Sources */ = {
			isa = PBXSourcesBuildPhase;
			buildActionMask = 2147483647;
			files = (
				42687ADB2111F6D900FA5DC3 /* UIView_Borders.swift in Sources */,
				42029AA02111F14800B07031 /* ViewController.swift in Sources */,
				42687AD52111F5E100FA5DC3 /* AlertConfirmationViewController.swift in Sources */,
				42029A9E2111F14800B07031 /* AppDelegate.swift in Sources */,
			);
			runOnlyForDeploymentPostprocessing = 0;
		};
/* End PBXSourcesBuildPhase section */

/* Begin PBXVariantGroup section */
		42029AA12111F14800B07031 /* Main.storyboard */ = {
			isa = PBXVariantGroup;
			children = (
				42029AA22111F14800B07031 /* Base */,
			);
			name = Main.storyboard;
			sourceTree = "<group>";
		};
		42029AA62111F14C00B07031 /* LaunchScreen.storyboard */ = {
			isa = PBXVariantGroup;
			children = (
				42029AA72111F14C00B07031 /* Base */,
			);
			name = LaunchScreen.storyboard;
			sourceTree = "<group>";
		};
/* End PBXVariantGroup section */

/* Begin XCBuildConfiguration section */
		42029AAA2111F14C00B07031 /* Debug */ = {
			isa = XCBuildConfiguration;
			buildSettings = {
				ALWAYS_SEARCH_USER_PATHS = NO;
				CLANG_ANALYZER_NONNULL = YES;
				CLANG_ANALYZER_NUMBER_OBJECT_CONVERSION = YES_AGGRESSIVE;
				CLANG_CXX_LANGUAGE_STANDARD = "gnu++14";
				CLANG_CXX_LIBRARY = "libc++";
				CLANG_ENABLE_MODULES = YES;
				CLANG_ENABLE_OBJC_ARC = YES;
				CLANG_ENABLE_OBJC_WEAK = YES;
				CLANG_WARN_BLOCK_CAPTURE_AUTORELEASING = YES;
				CLANG_WARN_BOOL_CONVERSION = YES;
				CLANG_WARN_COMMA = YES;
				CLANG_WARN_CONSTANT_CONVERSION = YES;
				CLANG_WARN_DEPRECATED_OBJC_IMPLEMENTATIONS = YES;
				CLANG_WARN_DIRECT_OBJC_ISA_USAGE = YES_ERROR;
				CLANG_WARN_DOCUMENTATION_COMMENTS = YES;
				CLANG_WARN_EMPTY_BODY = YES;
				CLANG_WARN_ENUM_CONVERSION = YES;
				CLANG_WARN_INFINITE_RECURSION = YES;
				CLANG_WARN_INT_CONVERSION = YES;
				CLANG_WARN_NON_LITERAL_NULL_CONVERSION = YES;
				CLANG_WARN_OBJC_IMPLICIT_RETAIN_SELF = YES;
				CLANG_WARN_OBJC_LITERAL_CONVERSION = YES;
				CLANG_WARN_OBJC_ROOT_CLASS = YES_ERROR;
				CLANG_WARN_RANGE_LOOP_ANALYSIS = YES;
				CLANG_WARN_STRICT_PROTOTYPES = YES;
				CLANG_WARN_SUSPICIOUS_MOVE = YES;
				CLANG_WARN_UNGUARDED_AVAILABILITY = YES_AGGRESSIVE;
				CLANG_WARN_UNREACHABLE_CODE = YES;
				CLANG_WARN__DUPLICATE_METHOD_MATCH = YES;
				CODE_SIGN_IDENTITY = "iPhone Developer";
				COPY_PHASE_STRIP = NO;
				DEBUG_INFORMATION_FORMAT = dwarf;
				ENABLE_STRICT_OBJC_MSGSEND = YES;
				ENABLE_TESTABILITY = YES;
				GCC_C_LANGUAGE_STANDARD = gnu11;
				GCC_DYNAMIC_NO_PIC = NO;
				GCC_NO_COMMON_BLOCKS = YES;
				GCC_OPTIMIZATION_LEVEL = 0;
				GCC_PREPROCESSOR_DEFINITIONS = (
					"DEBUG=1",
					"$(inherited)",
				);
				GCC_WARN_64_TO_32_BIT_CONVERSION = YES;
				GCC_WARN_ABOUT_RETURN_TYPE = YES_ERROR;
				GCC_WARN_UNDECLARED_SELECTOR = YES;
				GCC_WARN_UNINITIALIZED_AUTOS = YES_AGGRESSIVE;
				GCC_WARN_UNUSED_FUNCTION = YES;
				GCC_WARN_UNUSED_VARIABLE = YES;
				IPHONEOS_DEPLOYMENT_TARGET = 11.4;
				MTL_ENABLE_DEBUG_INFO = YES;
				ONLY_ACTIVE_ARCH = YES;
				SDKROOT = iphoneos;
				SWIFT_ACTIVE_COMPILATION_CONDITIONS = DEBUG;
				SWIFT_OPTIMIZATION_LEVEL = "-Onone";
			};
			name = Debug;
		};
		42029AAB2111F14C00B07031 /* Release */ = {
			isa = XCBuildConfiguration;
			buildSettings = {
				ALWAYS_SEARCH_USER_PATHS = NO;
				CLANG_ANALYZER_NONNULL = YES;
				CLANG_ANALYZER_NUMBER_OBJECT_CONVERSION = YES_AGGRESSIVE;
				CLANG_CXX_LANGUAGE_STANDARD = "gnu++14";
				CLANG_CXX_LIBRARY = "libc++";
				CLANG_ENABLE_MODULES = YES;
				CLANG_ENABLE_OBJC_ARC = YES;
				CLANG_ENABLE_OBJC_WEAK = YES;
				CLANG_WARN_BLOCK_CAPTURE_AUTORELEASING = YES;
				CLANG_WARN_BOOL_CONVERSION = YES;
				CLANG_WARN_COMMA = YES;
				CLANG_WARN_CONSTANT_CONVERSION = YES;
				CLANG_WARN_DEPRECATED_OBJC_IMPLEMENTATIONS = YES;
				CLANG_WARN_DIRECT_OBJC_ISA_USAGE = YES_ERROR;
				CLANG_WARN_DOCUMENTATION_COMMENTS = YES;
				CLANG_WARN_EMPTY_BODY = YES;
				CLANG_WARN_ENUM_CONVERSION = YES;
				CLANG_WARN_INFINITE_RECURSION = YES;
				CLANG_WARN_INT_CONVERSION = YES;
				CLANG_WARN_NON_LITERAL_NULL_CONVERSION = YES;
				CLANG_WARN_OBJC_IMPLICIT_RETAIN_SELF = YES;
				CLANG_WARN_OBJC_LITERAL_CONVERSION = YES;
				CLANG_WARN_OBJC_ROOT_CLASS = YES_ERROR;
				CLANG_WARN_RANGE_LOOP_ANALYSIS = YES;
				CLANG_WARN_STRICT_PROTOTYPES = YES;
				CLANG_WARN_SUSPICIOUS_MOVE = YES;
				CLANG_WARN_UNGUARDED_AVAILABILITY = YES_AGGRESSIVE;
				CLANG_WARN_UNREACHABLE_CODE = YES;
				CLANG_WARN__DUPLICATE_METHOD_MATCH = YES;
				CODE_SIGN_IDENTITY = "iPhone Developer";
				COPY_PHASE_STRIP = NO;
				DEBUG_INFORMATION_FORMAT = "dwarf-with-dsym";
				ENABLE_NS_ASSERTIONS = NO;
				ENABLE_STRICT_OBJC_MSGSEND = YES;
				GCC_C_LANGUAGE_STANDARD = gnu11;
				GCC_NO_COMMON_BLOCKS = YES;
				GCC_WARN_64_TO_32_BIT_CONVERSION = YES;
				GCC_WARN_ABOUT_RETURN_TYPE = YES_ERROR;
				GCC_WARN_UNDECLARED_SELECTOR = YES;
				GCC_WARN_UNINITIALIZED_AUTOS = YES_AGGRESSIVE;
				GCC_WARN_UNUSED_FUNCTION = YES;
				GCC_WARN_UNUSED_VARIABLE = YES;
				IPHONEOS_DEPLOYMENT_TARGET = 11.4;
				MTL_ENABLE_DEBUG_INFO = NO;
				SDKROOT = iphoneos;
				SWIFT_COMPILATION_MODE = wholemodule;
				SWIFT_OPTIMIZATION_LEVEL = "-O";
				VALIDATE_PRODUCT = YES;
			};
			name = Release;
		};
		42029AAD2111F14C00B07031 /* Debug */ = {
			isa = XCBuildConfiguration;
			buildSettings = {
				ASSETCATALOG_COMPILER_APPICON_NAME = AppIcon;
				CODE_SIGN_STYLE = Automatic;
				DEVELOPMENT_TEAM = 4KQ6H85Y9F;
				INFOPLIST_FILE = AlertConfirmationDemo/Info.plist;
				LD_RUNPATH_SEARCH_PATHS = (
					"$(inherited)",
					"@executable_path/Frameworks",
				);
				PRODUCT_BUNDLE_IDENTIFIER = "Luke-Smith.AlertConfirmationDemo";
				PRODUCT_NAME = "$(TARGET_NAME)";
				SWIFT_VERSION = 4.0;
				TARGETED_DEVICE_FAMILY = "1,2";
			};
			name = Debug;
		};
		42029AAE2111F14C00B07031 /* Release */ = {
			isa = XCBuildConfiguration;
			buildSettings = {
				ASSETCATALOG_COMPILER_APPICON_NAME = AppIcon;
				CODE_SIGN_STYLE = Automatic;
				DEVELOPMENT_TEAM = 4KQ6H85Y9F;
				INFOPLIST_FILE = AlertConfirmationDemo/Info.plist;
				LD_RUNPATH_SEARCH_PATHS = (
					"$(inherited)",
					"@executable_path/Frameworks",
				);
				PRODUCT_BUNDLE_IDENTIFIER = "Luke-Smith.AlertConfirmationDemo";
				PRODUCT_NAME = "$(TARGET_NAME)";
				SWIFT_VERSION = 4.0;
				TARGETED_DEVICE_FAMILY = "1,2";
			};
			name = Release;
		};
/* End XCBuildConfiguration section */

/* Begin XCConfigurationList section */
		42029A952111F14800B07031 /* Build configuration list for PBXProject "AlertConfirmationDemo" */ = {
			isa = XCConfigurationList;
			buildConfigurations = (
				42029AAA2111F14C00B07031 /* Debug */,
				42029AAB2111F14C00B07031 /* Release */,
			);
			defaultConfigurationIsVisible = 0;
			defaultConfigurationName = Release;
		};
		42029AAC2111F14C00B07031 /* Build configuration list for PBXNativeTarget "AlertConfirmationDemo" */ = {
			isa = XCConfigurationList;
			buildConfigurations = (
				42029AAD2111F14C00B07031 /* Debug */,
				42029AAE2111F14C00B07031 /* Release */,
			);
			defaultConfigurationIsVisible = 0;
			defaultConfigurationName = Release;
		};
/* End XCConfigurationList section */
	};
	rootObject = 42029A922111F14800B07031 /* Project object */;
}
